
Microsoft Visual Studio Solution File, Format Version 12.00
# Visual Studio Version 17
VisualStudioVersion = 17.5.002.0
MinimumVisualStudioVersion = 10.0.40219.1
Project("{9A19103F-16F7-4668-BE54-9A1E7A4F7556}") = "CodeForPain", "CodeForPain.csproj", "{33C7D015-1BF8-4675-B995-83134F258762}"
EndProject
Global
	GlobalSection(SolutionConfigurationPlatforms) = preSolution
		Debug|Any CPU = Debug|Any CPU
		Release|Any CPU = Release|Any CPU
	EndGlobalSection
	GlobalSection(ProjectConfigurationPlatforms) = postSolution
		{33C7D015-1BF8-4675-B995-83134F258762}.Debug|Any CPU.ActiveCfg = Debug|Any CPU
		{33C7D015-1BF8-4675-B995-83134F258762}.Debug|Any CPU.Build.0 = Debug|Any CPU
		{33C7D015-1BF8-4675-B995-83134F258762}.Release|Any CPU.ActiveCfg = Release|Any CPU
		{33C7D015-1BF8-4675-B995-83134F258762}.Release|Any CPU.Build.0 = Release|Any CPU
	EndGlobalSection
	GlobalSection(SolutionProperties) = preSolution
		HideSolutionNode = FALSE
	EndGlobalSection
	GlobalSection(ExtensibilityGlobals) = postSolution
		SolutionGuid = {2F62AEFC-DEE3-484A-95B4-8ECAC39A5F1A}
	EndGlobalSection
EndGlobal
